
Microsoft Visual Studio Solution File, Format Version 12.00
# Visual Studio 15
Project("{FAE04EC0-301F-11D3-BF4B-00C04F79EFBC}") = "WebviewCom", "WebviewCom\WebviewCom.csproj", "{AD285D8E-11FC-49EA-8822-6C9D2A82B33E}"
EndProject
Project("{FAE04EC0-301F-11D3-BF4B-00C04F79EFBC}") = "WebviewCom.iOS", "iOS\WebviewCom.iOS.csproj", "{35B00AB6-1982-4C87-9CE1-8DC2C6CD2A2A}"
EndProject
Global
	GlobalSection(SolutionConfigurationPlatforms) = preSolution
		Debug|Any CPU = Debug|Any CPU
		Release|Any CPU = Release|Any CPU
		Debug|iPhoneSimulator = Debug|iPhoneSimulator
		Release|iPhone = Release|iPhone
		Release|iPhoneSimulator = Release|iPhoneSimulator
		Debug|iPhone = Debug|iPhone
	EndGlobalSection
	GlobalSection(ProjectConfigurationPlatforms) = postSolution
		{AD285D8E-11FC-49EA-8822-6C9D2A82B33E}.Debug|Any CPU.ActiveCfg = Debug|Any CPU
		{AD285D8E-11FC-49EA-8822-6C9D2A82B33E}.Debug|Any CPU.Build.0 = Debug|Any CPU
		{AD285D8E-11FC-49EA-8822-6C9D2A82B33E}.Release|Any CPU.ActiveCfg = Release|Any CPU
		{AD285D8E-11FC-49EA-8822-6C9D2A82B33E}.Release|Any CPU.Build.0 = Release|Any CPU
		{AD285D8E-11FC-49EA-8822-6C9D2A82B33E}.Debug|iPhoneSimulator.ActiveCfg = Debug|Any CPU
		{AD285D8E-11FC-49EA-8822-6C9D2A82B33E}.Debug|iPhoneSimulator.Build.0 = Debug|Any CPU
		{AD285D8E-11FC-49EA-8822-6C9D2A82B33E}.Release|iPhone.ActiveCfg = Release|Any CPU
		{AD285D8E-11FC-49EA-8822-6C9D2A82B33E}.Release|iPhone.Build.0 = Release|Any CPU
		{AD285D8E-11FC-49EA-8822-6C9D2A82B33E}.Release|iPhoneSimulator.ActiveCfg = Release|Any CPU
		{AD285D8E-11FC-49EA-8822-6C9D2A82B33E}.Release|iPhoneSimulator.Build.0 = Release|Any CPU
		{AD285D8E-11FC-49EA-8822-6C9D2A82B33E}.Debug|iPhone.ActiveCfg = Debug|Any CPU
		{AD285D8E-11FC-49EA-8822-6C9D2A82B33E}.Debug|iPhone.Build.0 = Debug|Any CPU
		{35B00AB6-1982-4C87-9CE1-8DC2C6CD2A2A}.Debug|Any CPU.ActiveCfg = Debug|iPhoneSimulator
		{35B00AB6-1982-4C87-9CE1-8DC2C6CD2A2A}.Debug|Any CPU.Build.0 = Debug|iPhoneSimulator
		{35B00AB6-1982-4C87-9CE1-8DC2C6CD2A2A}.Release|Any CPU.ActiveCfg = Release|iPhone
		{35B00AB6-1982-4C87-9CE1-8DC2C6CD2A2A}.Release|Any CPU.Build.0 = Release|iPhone
		{35B00AB6-1982-4C87-9CE1-8DC2C6CD2A2A}.Debug|iPhoneSimulator.ActiveCfg = Debug|iPhoneSimulator
		{35B00AB6-1982-4C87-9CE1-8DC2C6CD2A2A}.Debug|iPhoneSimulator.Build.0 = Debug|iPhoneSimulator
		{35B00AB6-1982-4C87-9CE1-8DC2C6CD2A2A}.Release|iPhone.ActiveCfg = Release|iPhone
		{35B00AB6-1982-4C87-9CE1-8DC2C6CD2A2A}.Release|iPhone.Build.0 = Release|iPhone
		{35B00AB6-1982-4C87-9CE1-8DC2C6CD2A2A}.Release|iPhoneSimulator.ActiveCfg = Release|iPhoneSimulator
		{35B00AB6-1982-4C87-9CE1-8DC2C6CD2A2A}.Release|iPhoneSimulator.Build.0 = Release|iPhoneSimulator
		{35B00AB6-1982-4C87-9CE1-8DC2C6CD2A2A}.Debug|iPhone.ActiveCfg = Debug|iPhone
		{35B00AB6-1982-4C87-9CE1-8DC2C6CD2A2A}.Debug|iPhone.Build.0 = Debug|iPhone
	EndGlobalSection
EndGlobal
